
Microsoft Visual Studio Solution File, Format Version 12.00
# Visual Studio Version 17
VisualStudioVersion = 17.9.34728.123
MinimumVisualStudioVersion = 10.0.40219.1
Project("{FAE04EC0-301F-11D3-BF4B-00C04F79EFBC}") = "GoalSeekAlgorithm.Server", "GoalSeekAlgorithm.Server\GoalSeekAlgorithm.Server.csproj", "{AFF58790-129D-4154-B127-E9BE382B161B}"
EndProject
Project("{54A90642-561A-4BB1-A94E-469ADEE60C69}") = "goalseekalgorithm.client", "goalseekalgorithm.client\goalseekalgorithm.client.esproj", "{B540730A-4B1A-43BA-87D3-BABBB03867D8}"
EndProject
Global
	GlobalSection(SolutionConfigurationPlatforms) = preSolution
		Debug|Any CPU = Debug|Any CPU
		Release|Any CPU = Release|Any CPU
	EndGlobalSection
	GlobalSection(ProjectConfigurationPlatforms) = postSolution
		{AFF58790-129D-4154-B127-E9BE382B161B}.Debug|Any CPU.ActiveCfg = Debug|Any CPU
		{AFF58790-129D-4154-B127-E9BE382B161B}.Debug|Any CPU.Build.0 = Debug|Any CPU
		{AFF58790-129D-4154-B127-E9BE382B161B}.Release|Any CPU.ActiveCfg = Release|Any CPU
		{AFF58790-129D-4154-B127-E9BE382B161B}.Release|Any CPU.Build.0 = Release|Any CPU
		{B540730A-4B1A-43BA-87D3-BABBB03867D8}.Debug|Any CPU.ActiveCfg = Debug|Any CPU
		{B540730A-4B1A-43BA-87D3-BABBB03867D8}.Debug|Any CPU.Build.0 = Debug|Any CPU
		{B540730A-4B1A-43BA-87D3-BABBB03867D8}.Debug|Any CPU.Deploy.0 = Debug|Any CPU
		{B540730A-4B1A-43BA-87D3-BABBB03867D8}.Release|Any CPU.ActiveCfg = Release|Any CPU
		{B540730A-4B1A-43BA-87D3-BABBB03867D8}.Release|Any CPU.Build.0 = Release|Any CPU
		{B540730A-4B1A-43BA-87D3-BABBB03867D8}.Release|Any CPU.Deploy.0 = Release|Any CPU
	EndGlobalSection
	GlobalSection(SolutionProperties) = preSolution
		HideSolutionNode = FALSE
	EndGlobalSection
	GlobalSection(ExtensibilityGlobals) = postSolution
		SolutionGuid = {B25EC817-B108-422D-9601-EAC452152847}
	EndGlobalSection
EndGlobal
